
Microsoft Visual Studio Solution File, Format Version 12.00
# Visual Studio Version 17
VisualStudioVersion = 17.7.34202.233
MinimumVisualStudioVersion = 10.0.40219.1
Project("{8BC9CEB8-8B4A-11D0-8D11-00A0C91BC942}") = "supermarket billing system 1", "supermarket billing system 1.vcxproj", "{F2BFED9F-2242-4906-A8AE-C7D87B6EBECE}"
EndProject
Global
	GlobalSection(SolutionConfigurationPlatforms) = preSolution
		Debug|x64 = Debug|x64
		Debug|x86 = Debug|x86
		Release|x64 = Release|x64
		Release|x86 = Release|x86
	EndGlobalSection
	GlobalSection(ProjectConfigurationPlatforms) = postSolution
		{F2BFED9F-2242-4906-A8AE-C7D87B6EBECE}.Debug|x64.ActiveCfg = Debug|x64
		{F2BFED9F-2242-4906-A8AE-C7D87B6EBECE}.Debug|x64.Build.0 = Debug|x64
		{F2BFED9F-2242-4906-A8AE-C7D87B6EBECE}.Debug|x86.ActiveCfg = Debug|Win32
		{F2BFED9F-2242-4906-A8AE-C7D87B6EBECE}.Debug|x86.Build.0 = Debug|Win32
		{F2BFED9F-2242-4906-A8AE-C7D87B6EBECE}.Release|x64.ActiveCfg = Release|x64
		{F2BFED9F-2242-4906-A8AE-C7D87B6EBECE}.Release|x64.Build.0 = Release|x64
		{F2BFED9F-2242-4906-A8AE-C7D87B6EBECE}.Release|x86.ActiveCfg = Release|Win32
		{F2BFED9F-2242-4906-A8AE-C7D87B6EBECE}.Release|x86.Build.0 = Release|Win32
	EndGlobalSection
	GlobalSection(SolutionProperties) = preSolution
		HideSolutionNode = FALSE
	EndGlobalSection
	GlobalSection(ExtensibilityGlobals) = postSolution
		SolutionGuid = {B9542F84-BD19-49DC-9121-F8B86A4ACCF9}
	EndGlobalSection
EndGlobal
